
Microsoft Visual Studio Solution File, Format Version 11.00
# Visual Studio 2010
Project("{FAE04EC0-301F-11D3-BF4B-00C04F79EFBC}") = "RandomPlayer", "RandomPlayer\RandomPlayer.csproj", "{46A89AF0-AD83-4BA2-9FDE-842E753D598A}"
EndProject
Global
	GlobalSection(SolutionConfigurationPlatforms) = preSolution
		Debug|x86 = Debug|x86
		Release|x86 = Release|x86
	EndGlobalSection
	GlobalSection(ProjectConfigurationPlatforms) = postSolution
		{46A89AF0-AD83-4BA2-9FDE-842E753D598A}.Debug|x86.ActiveCfg = Debug|x86
		{46A89AF0-AD83-4BA2-9FDE-842E753D598A}.Debug|x86.Build.0 = Debug|x86
		{46A89AF0-AD83-4BA2-9FDE-842E753D598A}.Release|x86.ActiveCfg = Release|x86
		{46A89AF0-AD83-4BA2-9FDE-842E753D598A}.Release|x86.Build.0 = Release|x86
	EndGlobalSection
	GlobalSection(SolutionProperties) = preSolution
		HideSolutionNode = FALSE
	EndGlobalSection
EndGlobal
